
Microsoft Visual Studio Solution File, Format Version 12.00
# Visual Studio Version 16
VisualStudioVersion = 16.0.31313.79
MinimumVisualStudioVersion = 10.0.40219.1
Project("{FAE04EC0-301F-11D3-BF4B-00C04F79EFBC}") = "Project Crypto Tracker.UWP", "Project Crypto Tracker\Project Crypto Tracker.UWP\Project Crypto Tracker.UWP.csproj", "{DDC89C49-120F-47F3-B38E-B5EDBAAC4704}"
EndProject
Project("{FAE04EC0-301F-11D3-BF4B-00C04F79EFBC}") = "Project Crypto Tracker.Android", "Project Crypto Tracker\Project Crypto Tracker.Android\Project Crypto Tracker.Android.csproj", "{CB96DD3B-E9D7-4DB7-B0D5-DB180D381500}"
EndProject
Project("{FAE04EC0-301F-11D3-BF4B-00C04F79EFBC}") = "Project Crypto Tracker.iOS", "Project Crypto Tracker\Project Crypto Tracker.iOS\Project Crypto Tracker.iOS.csproj", "{404D6193-779A-4DF5-9552-5F375DEBEF32}"
EndProject
Project("{9A19103F-16F7-4668-BE54-9A1E7A4F7556}") = "Project Crypto Tracker", "Project Crypto Tracker\Project Crypto Tracker\Project Crypto Tracker.csproj", "{DCF73E88-E2C8-4E16-A830-37BB0E055414}"
EndProject
Project("{FAE04EC0-301F-11D3-BF4B-00C04F79EFBC}") = "Crypto Tracker UITest", "Crypto Tracker UITest\Crypto Tracker UITest.csproj", "{3A82CA70-CE03-40F4-82D0-16CB664ABB47}"
EndProject
Global
	GlobalSection(SolutionConfigurationPlatforms) = preSolution
		Debug|Any CPU = Debug|Any CPU
		Debug|ARM = Debug|ARM
		Debug|iPhone = Debug|iPhone
		Debug|iPhoneSimulator = Debug|iPhoneSimulator
		Debug|x64 = Debug|x64
		Debug|x86 = Debug|x86
		Release|Any CPU = Release|Any CPU
		Release|ARM = Release|ARM
		Release|iPhone = Release|iPhone
		Release|iPhoneSimulator = Release|iPhoneSimulator
		Release|x64 = Release|x64
		Release|x86 = Release|x86
	EndGlobalSection
	GlobalSection(ProjectConfigurationPlatforms) = postSolution
		{DDC89C49-120F-47F3-B38E-B5EDBAAC4704}.Debug|Any CPU.ActiveCfg = Debug|x86
		{DDC89C49-120F-47F3-B38E-B5EDBAAC4704}.Debug|Any CPU.Build.0 = Debug|x86
		{DDC89C49-120F-47F3-B38E-B5EDBAAC4704}.Debug|Any CPU.Deploy.0 = Debug|x86
		{DDC89C49-120F-47F3-B38E-B5EDBAAC4704}.Debug|ARM.ActiveCfg = Debug|ARM
		{DDC89C49-120F-47F3-B38E-B5EDBAAC4704}.Debug|ARM.Build.0 = Debug|ARM
		{DDC89C49-120F-47F3-B38E-B5EDBAAC4704}.Debug|ARM.Deploy.0 = Debug|ARM
		{DDC89C49-120F-47F3-B38E-B5EDBAAC4704}.Debug|iPhone.ActiveCfg = Debug|x86
		{DDC89C49-120F-47F3-B38E-B5EDBAAC4704}.Debug|iPhone.Build.0 = Debug|x86
		{DDC89C49-120F-47F3-B38E-B5EDBAAC4704}.Debug|iPhone.Deploy.0 = Debug|x86
		{DDC89C49-120F-47F3-B38E-B5EDBAAC4704}.Debug|iPhoneSimulator.ActiveCfg = Debug|x86
		{DDC89C49-120F-47F3-B38E-B5EDBAAC4704}.Debug|iPhoneSimulator.Build.0 = Debug|x86
		{DDC89C49-120F-47F3-B38E-B5EDBAAC4704}.Debug|iPhoneSimulator.Deploy.0 = Debug|x86
		{DDC89C49-120F-47F3-B38E-B5EDBAAC4704}.Debug|x64.ActiveCfg = Debug|x64
		{DDC89C49-120F-47F3-B38E-B5EDBAAC4704}.Debug|x64.Build.0 = Debug|x64
		{DDC89C49-120F-47F3-B38E-B5EDBAAC4704}.Debug|x64.Deploy.0 = Debug|x64
		{DDC89C49-120F-47F3-B38E-B5EDBAAC4704}.Debug|x86.ActiveCfg = Debug|x86
		{DDC89C49-120F-47F3-B38E-B5EDBAAC4704}.Debug|x86.Build.0 = Debug|x86
		{DDC89C49-120F-47F3-B38E-B5EDBAAC4704}.Debug|x86.Deploy.0 = Debug|x86
		{DDC89C49-120F-47F3-B38E-B5EDBAAC4704}.Release|Any CPU.ActiveCfg = Release|x86
		{DDC89C49-120F-47F3-B38E-B5EDBAAC4704}.Release|Any CPU.Build.0 = Release|x86
		{DDC89C49-120F-47F3-B38E-B5EDBAAC4704}.Release|Any CPU.Deploy.0 = Release|x86
		{DDC89C49-120F-47F3-B38E-B5EDBAAC4704}.Release|ARM.ActiveCfg = Release|ARM
		{DDC89C49-120F-47F3-B38E-B5EDBAAC4704}.Release|ARM.Build.0 = Release|ARM
		{DDC89C49-120F-47F3-B38E-B5EDBAAC4704}.Release|ARM.Deploy.0 = Release|ARM
		{DDC89C49-120F-47F3-B38E-B5EDBAAC4704}.Release|iPhone.ActiveCfg = Release|x86
		{DDC89C49-120F-47F3-B38E-B5EDBAAC4704}.Release|iPhone.Build.0 = Release|x86
		{DDC89C49-120F-47F3-B38E-B5EDBAAC4704}.Release|iPhone.Deploy.0 = Release|x86
		{DDC89C49-120F-47F3-B38E-B5EDBAAC4704}.Release|iPhoneSimulator.ActiveCfg = Release|x86
		{DDC89C49-120F-47F3-B38E-B5EDBAAC4704}.Release|iPhoneSimulator.Build.0 = Release|x86
		{DDC89C49-120F-47F3-B38E-B5EDBAAC4704}.Release|iPhoneSimulator.Deploy.0 = Release|x86
		{DDC89C49-120F-47F3-B38E-B5EDBAAC4704}.Release|x64.ActiveCfg = Release|x64
		{DDC89C49-120F-47F3-B38E-B5EDBAAC4704}.Release|x64.Build.0 = Release|x64
		{DDC89C49-120F-47F3-B38E-B5EDBAAC4704}.Release|x64.Deploy.0 = Release|x64
		{DDC89C49-120F-47F3-B38E-B5EDBAAC4704}.Release|x86.ActiveCfg = Release|x86
		{DDC89C49-120F-47F3-B38E-B5EDBAAC4704}.Release|x86.Build.0 = Release|x86
		{DDC89C49-120F-47F3-B38E-B5EDBAAC4704}.Release|x86.Deploy.0 = Release|x86
		{CB96DD3B-E9D7-4DB7-B0D5-DB180D381500}.Debug|Any CPU.ActiveCfg = Debug|Any CPU
		{CB96DD3B-E9D7-4DB7-B0D5-DB180D381500}.Debug|Any CPU.Build.0 = Debug|Any CPU
		{CB96DD3B-E9D7-4DB7-B0D5-DB180D381500}.Debug|Any CPU.Deploy.0 = Debug|Any CPU
		{CB96DD3B-E9D7-4DB7-B0D5-DB180D381500}.Debug|ARM.ActiveCfg = Debug|Any CPU
		{CB96DD3B-E9D7-4DB7-B0D5-DB180D381500}.Debug|ARM.Build.0 = Debug|Any CPU
		{CB96DD3B-E9D7-4DB7-B0D5-DB180D381500}.Debug|ARM.Deploy.0 = Debug|Any CPU
		{CB96DD3B-E9D7-4DB7-B0D5-DB180D381500}.Debug|iPhone.ActiveCfg = Debug|Any CPU
		{CB96DD3B-E9D7-4DB7-B0D5-DB180D381500}.Debug|iPhone.Build.0 = Debug|Any CPU
		{CB96DD3B-E9D7-4DB7-B0D5-DB180D381500}.Debug|iPhone.Deploy.0 = Debug|Any CPU
		{CB96DD3B-E9D7-4DB7-B0D5-DB180D381500}.Debug|iPhoneSimulator.ActiveCfg = Debug|Any CPU
		{CB96DD3B-E9D7-4DB7-B0D5-DB180D381500}.Debug|iPhoneSimulator.Build.0 = Debug|Any CPU
		{CB96DD3B-E9D7-4DB7-B0D5-DB180D381500}.Debug|iPhoneSimulator.Deploy.0 = Debug|Any CPU
		{CB96DD3B-E9D7-4DB7-B0D5-DB180D381500}.Debug|x64.ActiveCfg = Debug|Any CPU
		{CB96DD3B-E9D7-4DB7-B0D5-DB180D381500}.Debug|x64.Build.0 = Debug|Any CPU
		{CB96DD3B-E9D7-4DB7-B0D5-DB180D381500}.Debug|x64.Deploy.0 = Debug|Any CPU
		{CB96DD3B-E9D7-4DB7-B0D5-DB180D381500}.Debug|x86.ActiveCfg = Debug|Any CPU
		{CB96DD3B-E9D7-4DB7-B0D5-DB180D381500}.Debug|x86.Build.0 = Debug|Any CPU
		{CB96DD3B-E9D7-4DB7-B0D5-DB180D381500}.Debug|x86.Deploy.0 = Debug|Any CPU
		{CB96DD3B-E9D7-4DB7-B0D5-DB180D381500}.Release|Any CPU.ActiveCfg = Release|Any CPU
		{CB96DD3B-E9D7-4DB7-B0D5-DB180D381500}.Release|Any CPU.Build.0 = Release|Any CPU
		{CB96DD3B-E9D7-4DB7-B0D5-DB180D381500}.Release|Any CPU.Deploy.0 = Release|Any CPU
		{CB96DD3B-E9D7-4DB7-B0D5-DB180D381500}.Release|ARM.ActiveCfg = Release|Any CPU
		{CB96DD3B-E9D7-4DB7-B0D5-DB180D381500}.Release|ARM.Build.0 = Release|Any CPU
		{CB96DD3B-E9D7-4DB7-B0D5-DB180D381500}.Release|ARM.Deploy.0 = Release|Any CPU
		{CB96DD3B-E9D7-4DB7-B0D5-DB180D381500}.Release|iPhone.ActiveCfg = Release|Any CPU
		{CB96DD3B-E9D7-4DB7-B0D5-DB180D381500}.Release|iPhone.Build.0 = Release|Any CPU
		{CB96DD3B-E9D7-4DB7-B0D5-DB180D381500}.Release|iPhone.Deploy.0 = Release|Any CPU
		{CB96DD3B-E9D7-4DB7-B0D5-DB180D381500}.Release|iPhoneSimulator.ActiveCfg = Release|Any CPU
		{CB96DD3B-E9D7-4DB7-B0D5-DB180D381500}.Release|iPhoneSimulator.Build.0 = Release|Any CPU
		{CB96DD3B-E9D7-4DB7-B0D5-DB180D381500}.Release|iPhoneSimulator.Deploy.0 = Release|Any CPU
		{CB96DD3B-E9D7-4DB7-B0D5-DB180D381500}.Release|x64.ActiveCfg = Release|Any CPU
		{CB96DD3B-E9D7-4DB7-B0D5-DB180D381500}.Release|x64.Build.0 = Release|Any CPU
		{CB96DD3B-E9D7-4DB7-B0D5-DB180D381500}.Release|x64.Deploy.0 = Release|Any CPU
		{CB96DD3B-E9D7-4DB7-B0D5-DB180D381500}.Release|x86.ActiveCfg = Release|Any CPU
		{CB96DD3B-E9D7-4DB7-B0D5-DB180D381500}.Release|x86.Build.0 = Release|Any CPU
		{CB96DD3B-E9D7-4DB7-B0D5-DB180D381500}.Release|x86.Deploy.0 = Release|Any CPU
		{404D6193-779A-4DF5-9552-5F375DEBEF32}.Debug|Any CPU.ActiveCfg = Debug|iPhoneSimulator
		{404D6193-779A-4DF5-9552-5F375DEBEF32}.Debug|Any CPU.Build.0 = Debug|iPhoneSimulator
		{404D6193-779A-4DF5-9552-5F375DEBEF32}.Debug|Any CPU.Deploy.0 = Debug|iPhoneSimulator
		{404D6193-779A-4DF5-9552-5F375DEBEF32}.Debug|ARM.ActiveCfg = Debug|iPhone
		{404D6193-779A-4DF5-9552-5F375DEBEF32}.Debug|ARM.Build.0 = Debug|iPhone
		{404D6193-779A-4DF5-9552-5F375DEBEF32}.Debug|ARM.Deploy.0 = Debug|iPhone
		{404D6193-779A-4DF5-9552-5F375DEBEF32}.Debug|iPhone.ActiveCfg = Debug|iPhone
		{404D6193-779A-4DF5-9552-5F375DEBEF32}.Debug|iPhone.Build.0 = Debug|iPhone
		{404D6193-779A-4DF5-9552-5F375DEBEF32}.Debug|iPhone.Deploy.0 = Debug|iPhone
		{404D6193-779A-4DF5-9552-5F375DEBEF32}.Debug|iPhoneSimulator.ActiveCfg = Debug|iPhoneSimulator
		{404D6193-779A-4DF5-9552-5F375DEBEF32}.Debug|iPhoneSimulator.Build.0 = Debug|iPhoneSimulator
		{404D6193-779A-4DF5-9552-5F375DEBEF32}.Debug|iPhoneSimulator.Deploy.0 = Debug|iPhoneSimulator
		{404D6193-779A-4DF5-9552-5F375DEBEF32}.Debug|x64.ActiveCfg = Debug|iPhoneSimulator
		{404D6193-779A-4DF5-9552-5F375DEBEF32}.Debug|x64.Build.0 = Debug|iPhoneSimulator
		{404D6193-779A-4DF5-9552-5F375DEBEF32}.Debug|x64.Deploy.0 = Debug|iPhoneSimulator
		{404D6193-779A-4DF5-9552-5F375DEBEF32}.Debug|x86.ActiveCfg = Debug|iPhoneSimulator
		{404D6193-779A-4DF5-9552-5F375DEBEF32}.Debug|x86.Build.0 = Debug|iPhoneSimulator
		{404D6193-779A-4DF5-9552-5F375DEBEF32}.Debug|x86.Deploy.0 = Debug|iPhoneSimulator
		{404D6193-779A-4DF5-9552-5F375DEBEF32}.Release|Any CPU.ActiveCfg = Release|iPhoneSimulator
		{404D6193-779A-4DF5-9552-5F375DEBEF32}.Release|Any CPU.Build.0 = Release|iPhoneSimulator
		{404D6193-779A-4DF5-9552-5F375DEBEF32}.Release|Any CPU.Deploy.0 = Release|iPhoneSimulator
		{404D6193-779A-4DF5-9552-5F375DEBEF32}.Release|ARM.ActiveCfg = Release|iPhoneSimulator
		{404D6193-779A-4DF5-9552-5F375DEBEF32}.Release|ARM.Build.0 = Release|iPhoneSimulator
		{404D6193-779A-4DF5-9552-5F375DEBEF32}.Release|ARM.Deploy.0 = Release|iPhoneSimulator
		{404D6193-779A-4DF5-9552-5F375DEBEF32}.Release|iPhone.ActiveCfg = Release|iPhone
		{404D6193-779A-4DF5-9552-5F375DEBEF32}.Release|iPhone.Build.0 = Release|iPhone
		{404D6193-779A-4DF5-9552-5F375DEBEF32}.Release|iPhone.Deploy.0 = Release|iPhone
		{404D6193-779A-4DF5-9552-5F375DEBEF32}.Release|iPhoneSimulator.ActiveCfg = Release|iPhoneSimulator
		{404D6193-779A-4DF5-9552-5F375DEBEF32}.Release|iPhoneSimulator.Build.0 = Release|iPhoneSimulator
		{404D6193-779A-4DF5-9552-5F375DEBEF32}.Release|iPhoneSimulator.Deploy.0 = Release|iPhoneSimulator
		{404D6193-779A-4DF5-9552-5F375DEBEF32}.Release|x64.ActiveCfg = Release|iPhoneSimulator
		{404D6193-779A-4DF5-9552-5F375DEBEF32}.Release|x64.Build.0 = Release|iPhoneSimulator
		{404D6193-779A-4DF5-9552-5F375DEBEF32}.Release|x64.Deploy.0 = Release|iPhoneSimulator
		{404D6193-779A-4DF5-9552-5F375DEBEF32}.Release|x86.ActiveCfg = Release|iPhoneSimulator
		{404D6193-779A-4DF5-9552-5F375DEBEF32}.Release|x86.Build.0 = Release|iPhoneSimulator
		{404D6193-779A-4DF5-9552-5F375DEBEF32}.Release|x86.Deploy.0 = Release|iPhoneSimulator
		{DCF73E88-E2C8-4E16-A830-37BB0E055414}.Debug|Any CPU.ActiveCfg = Debug|Any CPU
		{DCF73E88-E2C8-4E16-A830-37BB0E055414}.Debug|Any CPU.Build.0 = Debug|Any CPU
		{DCF73E88-E2C8-4E16-A830-37BB0E055414}.Debug|Any CPU.Deploy.0 = Debug|Any CPU
		{DCF73E88-E2C8-4E16-A830-37BB0E055414}.Debug|ARM.ActiveCfg = Debug|Any CPU
		{DCF73E88-E2C8-4E16-A830-37BB0E055414}.Debug|ARM.Build.0 = Debug|Any CPU
		{DCF73E88-E2C8-4E16-A830-37BB0E055414}.Debug|ARM.Deploy.0 = Debug|Any CPU
		{DCF73E88-E2C8-4E16-A830-37BB0E055414}.Debug|iPhone.ActiveCfg = Debug|Any CPU
		{DCF73E88-E2C8-4E16-A830-37BB0E055414}.Debug|iPhone.Build.0 = Debug|Any CPU
		{DCF73E88-E2C8-4E16-A830-37BB0E055414}.Debug|iPhone.Deploy.0 = Debug|Any CPU
		{DCF73E88-E2C8-4E16-A830-37BB0E055414}.Debug|iPhoneSimulator.ActiveCfg = Debug|Any CPU
		{DCF73E88-E2C8-4E16-A830-37BB0E055414}.Debug|iPhoneSimulator.Build.0 = Debug|Any CPU
		{DCF73E88-E2C8-4E16-A830-37BB0E055414}.Debug|iPhoneSimulator.Deploy.0 = Debug|Any CPU
		{DCF73E88-E2C8-4E16-A830-37BB0E055414}.Debug|x64.ActiveCfg = Debug|Any CPU
		{DCF73E88-E2C8-4E16-A830-37BB0E055414}.Debug|x64.Build.0 = Debug|Any CPU
		{DCF73E88-E2C8-4E16-A830-37BB0E055414}.Debug|x64.Deploy.0 = Debug|Any CPU
		{DCF73E88-E2C8-4E16-A830-37BB0E055414}.Debug|x86.ActiveCfg = Debug|Any CPU
		{DCF73E88-E2C8-4E16-A830-37BB0E055414}.Debug|x86.Build.0 = Debug|Any CPU
		{DCF73E88-E2C8-4E16-A830-37BB0E055414}.Debug|x86.Deploy.0 = Debug|Any CPU
		{DCF73E88-E2C8-4E16-A830-37BB0E055414}.Release|Any CPU.ActiveCfg = Release|Any CPU
		{DCF73E88-E2C8-4E16-A830-37BB0E055414}.Release|Any CPU.Build.0 = Release|Any CPU
		{DCF73E88-E2C8-4E16-A830-37BB0E055414}.Release|Any CPU.Deploy.0 = Release|Any CPU
		{DCF73E88-E2C8-4E16-A830-37BB0E055414}.Release|ARM.ActiveCfg = Release|Any CPU
		{DCF73E88-E2C8-4E16-A830-37BB0E055414}.Release|ARM.Build.0 = Release|Any CPU
		{DCF73E88-E2C8-4E16-A830-37BB0E055414}.Release|ARM.Deploy.0 = Release|Any CPU
		{DCF73E88-E2C8-4E16-A830-37BB0E055414}.Release|iPhone.ActiveCfg = Release|Any CPU
		{DCF73E88-E2C8-4E16-A830-37BB0E055414}.Release|iPhone.Build.0 = Release|Any CPU
		{DCF73E88-E2C8-4E16-A830-37BB0E055414}.Release|iPhone.Deploy.0 = Release|Any CPU
		{DCF73E88-E2C8-4E16-A830-37BB0E055414}.Release|iPhoneSimulator.ActiveCfg = Release|Any CPU
		{DCF73E88-E2C8-4E16-A830-37BB0E055414}.Release|iPhoneSimulator.Build.0 = Release|Any CPU
		{DCF73E88-E2C8-4E16-A830-37BB0E055414}.Release|iPhoneSimulator.Deploy.0 = Release|Any CPU
		{DCF73E88-E2C8-4E16-A830-37BB0E055414}.Release|x64.ActiveCfg = Release|Any CPU
		{DCF73E88-E2C8-4E16-A830-37BB0E055414}.Release|x64.Build.0 = Release|Any CPU
		{DCF73E88-E2C8-4E16-A830-37BB0E055414}.Release|x64.Deploy.0 = Release|Any CPU
		{DCF73E88-E2C8-4E16-A830-37BB0E055414}.Release|x86.ActiveCfg = Release|Any CPU
		{DCF73E88-E2C8-4E16-A830-37BB0E055414}.Release|x86.Build.0 = Release|Any CPU
		{DCF73E88-E2C8-4E16-A830-37BB0E055414}.Release|x86.Deploy.0 = Release|Any CPU
		{3A82CA70-CE03-40F4-82D0-16CB664ABB47}.Debug|Any CPU.ActiveCfg = Debug|Any CPU
		{3A82CA70-CE03-40F4-82D0-16CB664ABB47}.Debug|Any CPU.Build.0 = Debug|Any CPU
		{3A82CA70-CE03-40F4-82D0-16CB664ABB47}.Debug|ARM.ActiveCfg = Debug|Any CPU
		{3A82CA70-CE03-40F4-82D0-16CB664ABB47}.Debug|ARM.Build.0 = Debug|Any CPU
		{3A82CA70-CE03-40F4-82D0-16CB664ABB47}.Debug|iPhone.ActiveCfg = Debug|Any CPU
		{3A82CA70-CE03-40F4-82D0-16CB664ABB47}.Debug|iPhone.Build.0 = Debug|Any CPU
		{3A82CA70-CE03-40F4-82D0-16CB664ABB47}.Debug|iPhoneSimulator.ActiveCfg = Debug|Any CPU
		{3A82CA70-CE03-40F4-82D0-16CB664ABB47}.Debug|iPhoneSimulator.Build.0 = Debug|Any CPU
		{3A82CA70-CE03-40F4-82D0-16CB664ABB47}.Debug|x64.ActiveCfg = Debug|Any CPU
		{3A82CA70-CE03-40F4-82D0-16CB664ABB47}.Debug|x64.Build.0 = Debug|Any CPU
		{3A82CA70-CE03-40F4-82D0-16CB664ABB47}.Debug|x86.ActiveCfg = Debug|Any CPU
		{3A82CA70-CE03-40F4-82D0-16CB664ABB47}.Debug|x86.Build.0 = Debug|Any CPU
		{3A82CA70-CE03-40F4-82D0-16CB664ABB47}.Release|Any CPU.ActiveCfg = Release|Any CPU
		{3A82CA70-CE03-40F4-82D0-16CB664ABB47}.Release|Any CPU.Build.0 = Release|Any CPU
		{3A82CA70-CE03-40F4-82D0-16CB664ABB47}.Release|ARM.ActiveCfg = Release|Any CPU
		{3A82CA70-CE03-40F4-82D0-16CB664ABB47}.Release|ARM.Build.0 = Release|Any CPU
		{3A82CA70-CE03-40F4-82D0-16CB664ABB47}.Release|iPhone.ActiveCfg = Release|Any CPU
		{3A82CA70-CE03-40F4-82D0-16CB664ABB47}.Release|iPhone.Build.0 = Release|Any CPU
		{3A82CA70-CE03-40F4-82D0-16CB664ABB47}.Release|iPhoneSimulator.ActiveCfg = Release|Any CPU
		{3A82CA70-CE03-40F4-82D0-16CB664ABB47}.Release|iPhoneSimulator.Build.0 = Release|Any CPU
		{3A82CA70-CE03-40F4-82D0-16CB664ABB47}.Release|x64.ActiveCfg = Release|Any CPU
		{3A82CA70-CE03-40F4-82D0-16CB664ABB47}.Release|x64.Build.0 = Release|Any CPU
		{3A82CA70-CE03-40F4-82D0-16CB664ABB47}.Release|x86.ActiveCfg = Release|Any CPU
		{3A82CA70-CE03-40F4-82D0-16CB664ABB47}.Release|x86.Build.0 = Release|Any CPU
	EndGlobalSection
	GlobalSection(SolutionProperties) = preSolution
		HideSolutionNode = FALSE
	EndGlobalSection
	GlobalSection(ExtensibilityGlobals) = postSolution
		SolutionGuid = {A47EAA3B-6B51-47BD-89A8-A3FE7A710155}
	EndGlobalSection
EndGlobal
